
Microsoft Visual Studio Solution File, Format Version 12.00
# Visual Studio Version 16
VisualStudioVersion = 16.0.29509.3
MinimumVisualStudioVersion = 10.0.40219.1
Project("{FAE04EC0-301F-11D3-BF4B-00C04F79EFBC}") = "QLBHCC", "QLBHCC\QLBHCC.csproj", "{AD0577C0-FCD1-4002-A244-3069E0A4D7D0}"
EndProject
Project("{2150E333-8FDC-42A3-9474-1A3956D46DE8}") = "Solution Items", "Solution Items", "{E8CF3FB4-B934-45AB-B2C2-356666D8CDA4}"
	ProjectSection(SolutionItems) = preProject
		SQLQuery1.sql = SQLQuery1.sql
	EndProjectSection
EndProject
Global
	GlobalSection(SolutionConfigurationPlatforms) = preSolution
		Debug|Any CPU = Debug|Any CPU
		Release|Any CPU = Release|Any CPU
	EndGlobalSection
	GlobalSection(ProjectConfigurationPlatforms) = postSolution
		{AD0577C0-FCD1-4002-A244-3069E0A4D7D0}.Debug|Any CPU.ActiveCfg = Debug|Any CPU
		{AD0577C0-FCD1-4002-A244-3069E0A4D7D0}.Debug|Any CPU.Build.0 = Debug|Any CPU
		{AD0577C0-FCD1-4002-A244-3069E0A4D7D0}.Release|Any CPU.ActiveCfg = Release|Any CPU
		{AD0577C0-FCD1-4002-A244-3069E0A4D7D0}.Release|Any CPU.Build.0 = Release|Any CPU
	EndGlobalSection
	GlobalSection(SolutionProperties) = preSolution
		HideSolutionNode = FALSE
	EndGlobalSection
	GlobalSection(ExtensibilityGlobals) = postSolution
		SolutionGuid = {A5CB8977-BCAE-4AAB-A34E-779C35B3D8AA}
	EndGlobalSection
EndGlobal
